
Microsoft Visual Studio Solution File, Format Version 12.00
# Visual Studio 15
VisualStudioVersion = 15.0.28307.489
MinimumVisualStudioVersion = 10.0.40219.1
Project("{FAE04EC0-301F-11D3-BF4B-00C04F79EFBC}") = "Treinamento.Events", "Treinamento.Events\Treinamento.Events.csproj", "{A949BF9D-AD37-4CFF-836E-08D810B85070}"
EndProject
Global
	GlobalSection(SolutionConfigurationPlatforms) = preSolution
		Debug|Any CPU = Debug|Any CPU
		Release|Any CPU = Release|Any CPU
	EndGlobalSection
	GlobalSection(ProjectConfigurationPlatforms) = postSolution
		{A949BF9D-AD37-4CFF-836E-08D810B85070}.Debug|Any CPU.ActiveCfg = Debug|Any CPU
		{A949BF9D-AD37-4CFF-836E-08D810B85070}.Debug|Any CPU.Build.0 = Debug|Any CPU
		{A949BF9D-AD37-4CFF-836E-08D810B85070}.Release|Any CPU.ActiveCfg = Release|Any CPU
		{A949BF9D-AD37-4CFF-836E-08D810B85070}.Release|Any CPU.Build.0 = Release|Any CPU
	EndGlobalSection
	GlobalSection(SolutionProperties) = preSolution
		HideSolutionNode = FALSE
	EndGlobalSection
	GlobalSection(ExtensibilityGlobals) = postSolution
		SolutionGuid = {2136B35D-50EF-4B3F-9FBE-7CE607B26170}
	EndGlobalSection
EndGlobal
