
Microsoft Visual Studio Solution File, Format Version 12.00
# Visual Studio 15
VisualStudioVersion = 15.0.28307.489
MinimumVisualStudioVersion = 10.0.40219.1
Project("{FAE04EC0-301F-11D3-BF4B-00C04F79EFBC}") = "Loja", "Loja\Loja.csproj", "{FCEB2698-7981-4C44-A701-F80F7682B974}"
EndProject
Global
	GlobalSection(SolutionConfigurationPlatforms) = preSolution
		Debug|Any CPU = Debug|Any CPU
		Release|Any CPU = Release|Any CPU
	EndGlobalSection
	GlobalSection(ProjectConfigurationPlatforms) = postSolution
		{FCEB2698-7981-4C44-A701-F80F7682B974}.Debug|Any CPU.ActiveCfg = Debug|Any CPU
		{FCEB2698-7981-4C44-A701-F80F7682B974}.Debug|Any CPU.Build.0 = Debug|Any CPU
		{FCEB2698-7981-4C44-A701-F80F7682B974}.Release|Any CPU.ActiveCfg = Release|Any CPU
		{FCEB2698-7981-4C44-A701-F80F7682B974}.Release|Any CPU.Build.0 = Release|Any CPU
	EndGlobalSection
	GlobalSection(SolutionProperties) = preSolution
		HideSolutionNode = FALSE
	EndGlobalSection
	GlobalSection(ExtensibilityGlobals) = postSolution
		SolutionGuid = {F0A71C89-ABD3-4618-B79E-46E0979F947C}
	EndGlobalSection
EndGlobal
