
Microsoft Visual Studio Solution File, Format Version 12.00
# Visual Studio 15
VisualStudioVersion = 15.0.28307.489
MinimumVisualStudioVersion = 10.0.40219.1
Project("{FAE04EC0-301F-11D3-BF4B-00C04F79EFBC}") = "CadastroPessoas.Persistencia.NHibernate", "CadastroPessoas.Persistencia.NHibernate.csproj", "{C0226F25-9E79-408A-A80B-2ECF8F577A3E}"
EndProject
Project("{FAE04EC0-301F-11D3-BF4B-00C04F79EFBC}") = "CadastroPessoas", "..\CadastroPessoas\CadastroPessoas.csproj", "{A8F64FC3-5A57-47EF-A264-4F849F78770E}"
EndProject
Project("{FAE04EC0-301F-11D3-BF4B-00C04F79EFBC}") = "CadastroPessoas.repositorio", "CadastroPessoas.repositorio\CadastroPessoas.repositorio.csproj", "{34B9E6DF-0399-4FC1-A79C-0024DFCBEAD0}"
EndProject
Project("{FAE04EC0-301F-11D3-BF4B-00C04F79EFBC}") = "CadastroPessoas.Dominio", "CadastroPessoas.Dominio\CadastroPessoas.Dominio.csproj", "{C9F6E147-B44D-4BEB-8FBF-7740566EEECC}"
EndProject
Project("{FAE04EC0-301F-11D3-BF4B-00C04F79EFBC}") = "CadastroPessoas.Persistencia.EFA", "CadastroPessoas.Persistencia.EFA\CadastroPessoas.Persistencia.EFA.csproj", "{2E67E4A9-1D54-43D0-81F2-23AEA8E25DA9}"
EndProject
Global
	GlobalSection(SolutionConfigurationPlatforms) = preSolution
		Debug|Any CPU = Debug|Any CPU
		Release|Any CPU = Release|Any CPU
	EndGlobalSection
	GlobalSection(ProjectConfigurationPlatforms) = postSolution
		{C0226F25-9E79-408A-A80B-2ECF8F577A3E}.Debug|Any CPU.ActiveCfg = Debug|Any CPU
		{C0226F25-9E79-408A-A80B-2ECF8F577A3E}.Debug|Any CPU.Build.0 = Debug|Any CPU
		{C0226F25-9E79-408A-A80B-2ECF8F577A3E}.Release|Any CPU.ActiveCfg = Release|Any CPU
		{C0226F25-9E79-408A-A80B-2ECF8F577A3E}.Release|Any CPU.Build.0 = Release|Any CPU
		{A8F64FC3-5A57-47EF-A264-4F849F78770E}.Debug|Any CPU.ActiveCfg = Debug|Any CPU
		{A8F64FC3-5A57-47EF-A264-4F849F78770E}.Debug|Any CPU.Build.0 = Debug|Any CPU
		{A8F64FC3-5A57-47EF-A264-4F849F78770E}.Release|Any CPU.ActiveCfg = Release|Any CPU
		{A8F64FC3-5A57-47EF-A264-4F849F78770E}.Release|Any CPU.Build.0 = Release|Any CPU
		{34B9E6DF-0399-4FC1-A79C-0024DFCBEAD0}.Debug|Any CPU.ActiveCfg = Debug|Any CPU
		{34B9E6DF-0399-4FC1-A79C-0024DFCBEAD0}.Debug|Any CPU.Build.0 = Debug|Any CPU
		{34B9E6DF-0399-4FC1-A79C-0024DFCBEAD0}.Release|Any CPU.ActiveCfg = Release|Any CPU
		{34B9E6DF-0399-4FC1-A79C-0024DFCBEAD0}.Release|Any CPU.Build.0 = Release|Any CPU
		{C9F6E147-B44D-4BEB-8FBF-7740566EEECC}.Debug|Any CPU.ActiveCfg = Debug|Any CPU
		{C9F6E147-B44D-4BEB-8FBF-7740566EEECC}.Debug|Any CPU.Build.0 = Debug|Any CPU
		{C9F6E147-B44D-4BEB-8FBF-7740566EEECC}.Release|Any CPU.ActiveCfg = Release|Any CPU
		{C9F6E147-B44D-4BEB-8FBF-7740566EEECC}.Release|Any CPU.Build.0 = Release|Any CPU
		{2E67E4A9-1D54-43D0-81F2-23AEA8E25DA9}.Debug|Any CPU.ActiveCfg = Debug|Any CPU
		{2E67E4A9-1D54-43D0-81F2-23AEA8E25DA9}.Debug|Any CPU.Build.0 = Debug|Any CPU
		{2E67E4A9-1D54-43D0-81F2-23AEA8E25DA9}.Release|Any CPU.ActiveCfg = Release|Any CPU
		{2E67E4A9-1D54-43D0-81F2-23AEA8E25DA9}.Release|Any CPU.Build.0 = Release|Any CPU
	EndGlobalSection
	GlobalSection(SolutionProperties) = preSolution
		HideSolutionNode = FALSE
	EndGlobalSection
	GlobalSection(ExtensibilityGlobals) = postSolution
		SolutionGuid = {C931AB18-0C15-45C0-8021-F961197D53A4}
	EndGlobalSection
EndGlobal
